<?xml version="1.0" encoding="utf-8"?>
<Project ToolsVersion="4.0" xmlns="http://schemas.microsoft.com/developer/msbuild/2003">
  <ItemGroup>
    <Filter Include="Core">
      <UniqueIdentifier>{dbdd2af8-c0f6-4ab2-9530-72da736c14ef}</UniqueIdentifier>
    </Filter>
    <Filter Include="Utils">
      <UniqueIdentifier>{ccc266a8-acc3-4795-97d0-c5cc897dc9ce}</UniqueIdentifier>
    </Filter>
  </ItemGroup>
  <ItemGroup>
    <ClCompile Include="Application.cpp">
      <Filter>Core</Filter>
    </ClCompile>
    <ClCompile Include="smolEditor.cpp">
      <Filter>Core</Filter>
    </ClCompile>
    <ClCompile Include="Window.cpp">
      <Filter>Core</Filter>
    </ClCompile>
  </ItemGroup>
  <ItemGroup>
    <ClInclude Include="Application.h">
      <Filter>Core</Filter>
    </ClInclude>
    <ClInclude Include="Module.h">
      <Filter>Core</Filter>
    </ClInclude>
    <ClInclude Include="Window.h">
      <Filter>Core</Filter>
    </ClInclude>
  </ItemGroup>
</Project>