<?xml version="1.0" encoding="utf-8"?>
<Project ToolsVersion="4.0" xmlns="http://schemas.microsoft.com/developer/msbuild/2003">
  <ItemGroup>
    <Filter Include="Core">
      <UniqueIdentifier>{dbdd2af8-c0f6-4ab2-9530-72da736c14ef}</UniqueIdentifier>
    </Filter>
    <Filter Include="Utils">
      <UniqueIdentifier>{ccc266a8-acc3-4795-97d0-c5cc897dc9ce}</UniqueIdentifier>
    </Filter>
    <Filter Include="Core\Modules">
      <UniqueIdentifier>{7d0371da-399b-4e32-baa0-93bd4e73c04c}</UniqueIdentifier>
    </Filter>
    <Filter Include="Panels">
      <UniqueIdentifier>{81328a42-71ed-4529-8fcd-27c40dc03f12}</UniqueIdentifier>
    </Filter>
  </ItemGroup>
  <ItemGroup>
    <ClCompile Include="smolEditor.cpp">
      <Filter>Core</Filter>
    </ClCompile>
    <ClCompile Include="Editor.cpp">
      <Filter>Core\Modules</Filter>
    </ClCompile>
    <ClCompile Include="Panel.cpp">
      <Filter>Panels</Filter>
    </ClCompile>
    <ClCompile Include="AboutPanel.cpp">
      <Filter>Panels</Filter>
    </ClCompile>
    <ClCompile Include="HierarchyPanel.cpp">
      <Filter>Panels</Filter>
    </ClCompile>
    <ClCompile Include="InspectorPanel.cpp">
      <Filter>Panels</Filter>
    </ClCompile>
  </ItemGroup>
  <ItemGroup>
    <ClInclude Include="Editor.h">
      <Filter>Core\Modules</Filter>
    </ClInclude>
    <ClInclude Include="Panel.h">
      <Filter>Panels</Filter>
    </ClInclude>
    <ClInclude Include="AboutPanel.h">
      <Filter>Panels</Filter>
    </ClInclude>
    <ClInclude Include="HierarchyPanel.h">
      <Filter>Panels</Filter>
    </ClInclude>
    <ClInclude Include="InspectorPanel.h">
      <Filter>Panels</Filter>
    </ClInclude>
  </ItemGroup>
</Project>