<?xml version="1.0" encoding="utf-8"?>
<Project ToolsVersion="4.0" xmlns="http://schemas.microsoft.com/developer/msbuild/2003">
  <ItemGroup>
    <Filter Include="Core">
      <UniqueIdentifier>{f51aa2ca-5d49-4ebc-bb5c-c0ec65a7dde9}</UniqueIdentifier>
    </Filter>
    <Filter Include="Utils">
      <UniqueIdentifier>{7f53c294-1508-4ad5-ad82-f30e1f079e03}</UniqueIdentifier>
    </Filter>
    <Filter Include="3D Objects">
      <UniqueIdentifier>{a1e6dfff-6257-43c6-bf10-231c4ea60525}</UniqueIdentifier>
    </Filter>
    <Filter Include="3D Objects\Cube">
      <UniqueIdentifier>{83f0b567-eafd-48c1-9af3-84338908945d}</UniqueIdentifier>
    </Filter>
    <Filter Include="GameComponents">
      <UniqueIdentifier>{a9e1fbba-c2dd-4d91-85d5-cffe47ba2aeb}</UniqueIdentifier>
    </Filter>
    <Filter Include="Core\Modules">
      <UniqueIdentifier>{5bb4dd1d-8686-465f-9922-a374d4e5d844}</UniqueIdentifier>
    </Filter>
  </ItemGroup>
  <ItemGroup>
    <ClInclude Include="Mesh.h">
      <Filter>3D Objects</Filter>
    </ClInclude>
    <ClInclude Include="Graphic.h">
      <Filter>3D Objects</Filter>
    </ClInclude>
    <ClInclude Include="Cube.h">
      <Filter>3D Objects\Cube</Filter>
    </ClInclude>
    <ClInclude Include="CubeImmediateMode.h">
      <Filter>3D Objects\Cube</Filter>
    </ClInclude>
    <ClInclude Include="CubeInterleavedVBO.h">
      <Filter>3D Objects\Cube</Filter>
    </ClInclude>
    <ClInclude Include="CubeVertexArray.h">
      <Filter>3D Objects\Cube</Filter>
    </ClInclude>
    <ClInclude Include="CubeVertexBuffer.h">
      <Filter>3D Objects\Cube</Filter>
    </ClInclude>
    <ClInclude Include="CubeWireframeIVBO.h">
      <Filter>3D Objects\Cube</Filter>
    </ClInclude>
    <ClInclude Include="GraphicObject.h">
      <Filter>3D Objects</Filter>
    </ClInclude>
    <ClInclude Include="Texture2D.h">
      <Filter>GameComponents</Filter>
    </ClInclude>
    <ClInclude Include="Camera.h">
      <Filter>GameComponents</Filter>
    </ClInclude>
    <ClInclude Include="Application.h">
      <Filter>Core</Filter>
    </ClInclude>
    <ClInclude Include="Defs.h">
      <Filter>Utils</Filter>
    </ClInclude>
    <ClInclude Include="Window.h">
      <Filter>Core\Modules</Filter>
    </ClInclude>
    <ClInclude Include="Module.h">
      <Filter>Core</Filter>
    </ClInclude>
    <ClInclude Include="Render.h">
      <Filter>Core\Modules</Filter>
    </ClInclude>
    <ClInclude Include="ImguiEnabler.h">
      <Filter>Core\Modules</Filter>
    </ClInclude>
    <ClInclude Include="Log.h">
      <Filter>Utils</Filter>
    </ClInclude>
    <ClInclude Include="Types.h">
      <Filter>Utils</Filter>
    </ClInclude>
    <ClInclude Include="Input.h">
      <Filter>Core\Modules</Filter>
    </ClInclude>
  </ItemGroup>
  <ItemGroup>
    <ClCompile Include="Mesh.cpp">
      <Filter>3D Objects</Filter>
    </ClCompile>
    <ClCompile Include="CubeImmediateMode.cpp">
      <Filter>3D Objects\Cube</Filter>
    </ClCompile>
    <ClCompile Include="Cube.cpp">
      <Filter>3D Objects\Cube</Filter>
    </ClCompile>
    <ClCompile Include="CubeInterleavedVBO.cpp">
      <Filter>3D Objects\Cube</Filter>
    </ClCompile>
    <ClCompile Include="CubeVertexArray.cpp">
      <Filter>3D Objects\Cube</Filter>
    </ClCompile>
    <ClCompile Include="CubeVertexBuffer.cpp">
      <Filter>3D Objects\Cube</Filter>
    </ClCompile>
    <ClCompile Include="CubeWireframeIVBO.cpp">
      <Filter>3D Objects\Cube</Filter>
    </ClCompile>
    <ClCompile Include="GraphicObject.cpp">
      <Filter>3D Objects</Filter>
    </ClCompile>
    <ClCompile Include="Camera.cpp">
      <Filter>GameComponents</Filter>
    </ClCompile>
    <ClCompile Include="Texture2D.cpp">
      <Filter>GameComponents</Filter>
    </ClCompile>
    <ClCompile Include="Window.cpp">
      <Filter>Core\Modules</Filter>
    </ClCompile>
    <ClCompile Include="Render.cpp">
      <Filter>Core\Modules</Filter>
    </ClCompile>
    <ClCompile Include="ImguiEnabler.cpp">
      <Filter>Core\Modules</Filter>
    </ClCompile>
    <ClCompile Include="Log.cpp">
      <Filter>Utils</Filter>
    </ClCompile>
    <ClCompile Include="Input.cpp">
      <Filter>Core\Modules</Filter>
    </ClCompile>
    <ClCompile Include="Application.cpp">
      <Filter>Core</Filter>
    </ClCompile>
  </ItemGroup>
</Project>